
Microsoft Visual Studio Solution File, Format Version 12.00
# Visual Studio Version 16
VisualStudioVersion = 16.0.29326.143
MinimumVisualStudioVersion = 10.0.40219.1
Project("{FAE04EC0-301F-11D3-BF4B-00C04F79EFBC}") = "Self.Drive.Web", "Self.Drive.Web\Self.Drive.Web.csproj", "{E8EFB567-E431-42C0-BA8E-8CEF958C5F1C}"
EndProject
Global
	GlobalSection(SolutionConfigurationPlatforms) = preSolution
		Debug|Any CPU = Debug|Any CPU
		Release|Any CPU = Release|Any CPU
	EndGlobalSection
	GlobalSection(ProjectConfigurationPlatforms) = postSolution
		{E8EFB567-E431-42C0-BA8E-8CEF958C5F1C}.Debug|Any CPU.ActiveCfg = Debug|Any CPU
		{E8EFB567-E431-42C0-BA8E-8CEF958C5F1C}.Debug|Any CPU.Build.0 = Debug|Any CPU
		{E8EFB567-E431-42C0-BA8E-8CEF958C5F1C}.Release|Any CPU.ActiveCfg = Release|Any CPU
		{E8EFB567-E431-42C0-BA8E-8CEF958C5F1C}.Release|Any CPU.Build.0 = Release|Any CPU
	EndGlobalSection
	GlobalSection(SolutionProperties) = preSolution
		HideSolutionNode = FALSE
	EndGlobalSection
	GlobalSection(ExtensibilityGlobals) = postSolution
		SolutionGuid = {492B23A0-385C-4E38-91E0-FA85AC069CAA}
	EndGlobalSection
EndGlobal
